PODS:
  - KLConfirmOrderServiceProtocol (0.0.2)
  - KLGoodsDetailServiceProtocol (0.0.2)
  - KLProtocolManager (0.0.4)

DEPENDENCIES:
  - KLConfirmOrderServiceProtocol
  - KLGoodsDetailServiceProtocol
  - KLProtocolManager

SPEC CHECKSUMS:
  KLConfirmOrderServiceProtocol: 98823eca0ef3677c7eec811906b12a00db06b8c6
  KLGoodsDetailServiceProtocol: 163f9b4b7c73d0d988fb7c20d89b54c20cc7dee2
  KLProtocolManager: 392d91970a5c3e76320432ca59d64ae816958b8c

PODFILE CHECKSUM: fc64a89062b72ed3f1d1188b8396c9cf1e457e77

COCOAPODS: 1.1.1
